
Microsoft Visual Studio Solution File, Format Version 12.00
# Visual Studio 15
VisualStudioVersion = 15.0.28307.438
MinimumVisualStudioVersion = 10.0.40219.1
Project("{FAE04EC0-301F-11D3-BF4B-00C04F79EFBC}") = "TransfJsonXml", "TransfJsonXml\TransfJsonXml.csproj", "{C6465B8D-7188-499F-8683-40F38FC46249}"
EndProject
Global
	GlobalSection(SolutionConfigurationPlatforms) = preSolution
		Debug|Any CPU = Debug|Any CPU
		Release|Any CPU = Release|Any CPU
	EndGlobalSection
	GlobalSection(ProjectConfigurationPlatforms) = postSolution
		{C6465B8D-7188-499F-8683-40F38FC46249}.Debug|Any CPU.ActiveCfg = Debug|Any CPU
		{C6465B8D-7188-499F-8683-40F38FC46249}.Debug|Any CPU.Build.0 = Debug|Any CPU
		{C6465B8D-7188-499F-8683-40F38FC46249}.Release|Any CPU.ActiveCfg = Release|Any CPU
		{C6465B8D-7188-499F-8683-40F38FC46249}.Release|Any CPU.Build.0 = Release|Any CPU
	EndGlobalSection
	GlobalSection(SolutionProperties) = preSolution
		HideSolutionNode = FALSE
	EndGlobalSection
	GlobalSection(ExtensibilityGlobals) = postSolution
		SolutionGuid = {8BCC4177-FAAF-409E-9D9E-59A7F623D670}
	EndGlobalSection
EndGlobal
